
Microsoft Visual Studio Solution File, Format Version 12.00
Project("{FAE04EC0-301F-11D3-BF4B-00C04F79EFBC}") = "task7", "task7\task7.csproj", "{8AC077B7-2F87-42C8-A9EC-4760EF2BFC6B}"
EndProject
Global
	GlobalSection(SolutionConfigurationPlatforms) = preSolution
		Debug|Any CPU = Debug|Any CPU
		Release|Any CPU = Release|Any CPU
	EndGlobalSection
	GlobalSection(ProjectConfigurationPlatforms) = postSolution
		{8AC077B7-2F87-42C8-A9EC-4760EF2BFC6B}.Debug|Any CPU.ActiveCfg = Debug|Any CPU
		{8AC077B7-2F87-42C8-A9EC-4760EF2BFC6B}.Debug|Any CPU.Build.0 = Debug|Any CPU
		{8AC077B7-2F87-42C8-A9EC-4760EF2BFC6B}.Release|Any CPU.ActiveCfg = Release|Any CPU
		{8AC077B7-2F87-42C8-A9EC-4760EF2BFC6B}.Release|Any CPU.Build.0 = Release|Any CPU
	EndGlobalSection
EndGlobal
